
Microsoft Visual Studio Solution File, Format Version 12.00
# Visual Studio Version 17
VisualStudioVersion = 17.8.34330.188
MinimumVisualStudioVersion = 10.0.40219.1
Project("{FAE04EC0-301F-11D3-BF4B-00C04F79EFBC}") = "HelloWorld", "HelloWorld\HelloWorld.csproj", "{EA1795E6-FB95-4B3C-95DE-48E004AD82DF}"
EndProject
Project("{FAE04EC0-301F-11D3-BF4B-00C04F79EFBC}") = "Bai1", "Bai1\Bai1.csproj", "{5A499EDF-D122-44EB-AA00-2F25392C4DB4}"
EndProject
Project("{FAE04EC0-301F-11D3-BF4B-00C04F79EFBC}") = "Bai2", "Bai2\Bai2.csproj", "{0C4AA939-009C-4675-9C6B-68895593C239}"
EndProject
Project("{FAE04EC0-301F-11D3-BF4B-00C04F79EFBC}") = "Bai3", "Bai3\Bai3.csproj", "{4129E758-147E-43F1-8BD5-D895BA176D17}"
EndProject
Project("{FAE04EC0-301F-11D3-BF4B-00C04F79EFBC}") = "BaiTapVeNha", "BaiTapVeNha\BaiTapVeNha.csproj", "{3784B018-50DC-4DBA-8DB8-06055474C54C}"
EndProject
Project("{2150E333-8FDC-42A3-9474-1A3956D46DE8}") = "Bai tap ve nha", "Bai tap ve nha", "{C988407D-35B5-41F0-B8AD-126EBD93F7FC}"
EndProject
Project("{FAE04EC0-301F-11D3-BF4B-00C04F79EFBC}") = "Test funcion", "Test funcion\Test funcion.csproj", "{13329313-169C-42E0-B469-9948D15F9A63}"
EndProject
Project("{FAE04EC0-301F-11D3-BF4B-00C04F79EFBC}") = "TinhThue", "BaiTapBuoi3\TinhThue.csproj", "{BAFB7D87-13EC-476D-9C45-CBBA7C60ABEB}"
EndProject
Project("{FAE04EC0-301F-11D3-BF4B-00C04F79EFBC}") = "NhapThangDoanNgay", "NhapThangDoanNgay\NhapThangDoanNgay.csproj", "{0FA1342B-E533-44F2-91F4-AE6BACE20DB3}"
EndProject
Project("{2150E333-8FDC-42A3-9474-1A3956D46DE8}") = "Buổi 3", "Buổi 3", "{407C7F10-D2D7-476A-A5B8-AAFA909B7CAD}"
EndProject
Project("{FAE04EC0-301F-11D3-BF4B-00C04F79EFBC}") = "menuBaiTapVeNha", "Bài tập về nhà buổi 3\menuBaiTapVeNha.csproj", "{F6EF11DF-CF6B-404A-96A6-8A5A84830B66}"
EndProject
Project("{FAE04EC0-301F-11D3-BF4B-00C04F79EFBC}") = "Bai 2", "Nháp\Bai 2.csproj", "{40F87DC4-9D31-46BD-A841-984DB61AC0D0}"
EndProject
Project("{2150E333-8FDC-42A3-9474-1A3956D46DE8}") = "BaiTapVeNha", "BaiTapVeNha", "{E02CF8D7-1117-495A-A3AC-C9C208C039F2}"
EndProject
Project("{FAE04EC0-301F-11D3-BF4B-00C04F79EFBC}") = "Bai 3", "Bai 3\Bai 3.csproj", "{38FA4F1D-0879-422D-B899-425DB382821A}"
EndProject
Project("{FAE04EC0-301F-11D3-BF4B-00C04F79EFBC}") = "Bai 4", "Bai 4\Bai 4.csproj", "{647BF03A-0A49-4D68-A8D7-2F675AF25A89}"
EndProject
Project("{FAE04EC0-301F-11D3-BF4B-00C04F79EFBC}") = "Bai 5", "Bai 5\Bai 5.csproj", "{ECBFE2F3-4AB4-4EAD-A328-15ED4A8ADAA1}"
EndProject
Project("{FAE04EC0-301F-11D3-BF4B-00C04F79EFBC}") = "Bai 1", "Bai 1\Bai 1.csproj", "{3C82C3F3-FBA5-45A7-90D1-762CC711ED21}"
EndProject
Project("{2150E333-8FDC-42A3-9474-1A3956D46DE8}") = "Buổi 4", "Buổi 4", "{2155E3DB-3861-467B-9D91-AD70364A1FBE}"
EndProject
Project("{FAE04EC0-301F-11D3-BF4B-00C04F79EFBC}") = "Bảng cửu chương", "Bảng cửu chương\Bảng cửu chương.csproj", "{7E0C7FCA-C786-4C00-9A95-F3A7C3750EF9}"
EndProject
Project("{FAE04EC0-301F-11D3-BF4B-00C04F79EFBC}") = "Bảng cửu chương fake", "Bảng cửu chương fake\Bảng cửu chương fake.csproj", "{CE345719-CAA7-4753-B804-FFB6574A34C0}"
EndProject
Project("{FAE04EC0-301F-11D3-BF4B-00C04F79EFBC}") = "Mảng", "Mảng\Mảng.csproj", "{C278C466-26D2-4A36-AB31-D31ACB18E0E2}"
EndProject
Project("{2150E333-8FDC-42A3-9474-1A3956D46DE8}") = "Bài tập về nhà", "Bài tập về nhà", "{A8EBFF75-3748-4669-84E7-425F9C47722A}"
EndProject
Project("{FAE04EC0-301F-11D3-BF4B-00C04F79EFBC}") = "Bài 1", "Bài 1\Bài 1.csproj", "{F073F7F3-B648-4F33-8A10-729225F18890}"
EndProject
Project("{FAE04EC0-301F-11D3-BF4B-00C04F79EFBC}") = "Bài 2", "Bài 2\Bài 2.csproj", "{5D73B3EB-611D-4341-BA0E-EB5D5DF722A7}"
EndProject
Project("{FAE04EC0-301F-11D3-BF4B-00C04F79EFBC}") = "Bài 3", "Bài 3\Bài 3.csproj", "{553CDA4C-893C-423B-95A4-ABBA6DD05B7B}"
EndProject
Project("{FAE04EC0-301F-11D3-BF4B-00C04F79EFBC}") = "DemSochan", "DemSochan\DemSochan.csproj", "{9A2C38B8-5381-424D-9249-042EB1F7D650}"
EndProject
Project("{2150E333-8FDC-42A3-9474-1A3956D46DE8}") = "Buổi 5", "Buổi 5", "{EA9C8647-5ACC-4EEE-812C-42F41830086F}"
EndProject
Project("{FAE04EC0-301F-11D3-BF4B-00C04F79EFBC}") = "BàiTập1", "BàiTập1\BàiTập1.csproj", "{5B1AB16A-E2F3-4FBA-B410-0417C0669AB2}"
EndProject
Project("{FAE04EC0-301F-11D3-BF4B-00C04F79EFBC}") = "Bài Tập 2", "Bài Tập 2\Bài Tập 2.csproj", "{2BF153F8-A9EF-4490-BD43-DC21B9E63D7C}"
EndProject
Project("{FAE04EC0-301F-11D3-BF4B-00C04F79EFBC}") = "Bài Tập 3", "Bài Tập 3\Bài Tập 3.csproj", "{57A288C3-DA90-4490-9504-AA95535A151E}"
EndProject
Project("{FAE04EC0-301F-11D3-BF4B-00C04F79EFBC}") = "Bài tập 4", "Bài tập 4\Bài tập 4.csproj", "{85597782-0865-4599-B437-873DF7191319}"
EndProject
Project("{FAE04EC0-301F-11D3-BF4B-00C04F79EFBC}") = "Baitap4", "Baitap4\Baitap4.csproj", "{309869C0-4171-4D06-86EC-D79032DD2922}"
EndProject
Project("{FAE04EC0-301F-11D3-BF4B-00C04F79EFBC}") = "KT_B1", "KT_B1\KT_B1.csproj", "{6406A073-3879-4A28-B644-BD238455BC3B}"
EndProject
Project("{2150E333-8FDC-42A3-9474-1A3956D46DE8}") = "PH55420_Lab1", "PH55420_Lab1", "{7181A4FF-9C11-4B05-BC61-34F6448F94A3}"
EndProject
Project("{FAE04EC0-301F-11D3-BF4B-00C04F79EFBC}") = "BT1", "BT1\BT1.csproj", "{2DE9A2F5-C795-4546-8A13-87C4220F8FC2}"
EndProject
Project("{FAE04EC0-301F-11D3-BF4B-00C04F79EFBC}") = "BT2", "BT2\BT2.csproj", "{7D08528E-D523-4369-8854-07DDF9D340C5}"
EndProject
Project("{FAE04EC0-301F-11D3-BF4B-00C04F79EFBC}") = "BT3", "BT3\BT3.csproj", "{2D50B2AF-187D-44E0-BC3E-B5577C0A062C}"
EndProject
Project("{FAE04EC0-301F-11D3-BF4B-00C04F79EFBC}") = "BT4", "BT4\BT4.csproj", "{FDB463E5-35A5-4B68-B4A3-1781E8A221F3}"
EndProject
Project("{2150E333-8FDC-42A3-9474-1A3956D46DE8}") = "Buổi 6", "Buổi 6", "{86F044C0-59ED-4853-BCBB-A5C90A964070}"
EndProject
Project("{FAE04EC0-301F-11D3-BF4B-00C04F79EFBC}") = "Class", "Class\Class.csproj", "{4FF53534-B2D0-4DEB-A229-C1EE22F55100}"
EndProject
Project("{FAE04EC0-301F-11D3-BF4B-00C04F79EFBC}") = "Bt1_B6", "Bt1_B6\Bt1_B6.csproj", "{75B018AA-359B-4FE5-B83E-7DF72D2E72EE}"
EndProject
Project("{FAE04EC0-301F-11D3-BF4B-00C04F79EFBC}") = "MENU BÁN HÀNG", "MENU BÁN HÀNG\MENU BÁN HÀNG.csproj", "{D1E337C4-DDC4-4A15-B9A4-F8C902383D95}"
EndProject
Project("{2150E333-8FDC-42A3-9474-1A3956D46DE8}") = "Buổi 7", "Buổi 7", "{52A011CC-D4E5-44DC-8C69-8B703CB5EC48}"
EndProject
Project("{FAE04EC0-301F-11D3-BF4B-00C04F79EFBC}") = "Tính Thừa Kế", "Tính Thừa Kế\Tính Thừa Kế.csproj", "{1EEB24BA-70AE-4BEA-B858-51900DF744C8}"
EndProject
Project("{FAE04EC0-301F-11D3-BF4B-00C04F79EFBC}") = "DựÁnBánĐiệnThoại", "DựÁnBánĐiệnThoại\DựÁnBánĐiệnThoại.csproj", "{57A08521-1F83-46B1-9FD1-7E254B6E1525}"
EndProject
Global
	GlobalSection(SolutionConfigurationPlatforms) = preSolution
		Debug|Any CPU = Debug|Any CPU
		Release|Any CPU = Release|Any CPU
	EndGlobalSection
	GlobalSection(ProjectConfigurationPlatforms) = postSolution
		{EA1795E6-FB95-4B3C-95DE-48E004AD82DF}.Debug|Any CPU.ActiveCfg = Debug|Any CPU
		{EA1795E6-FB95-4B3C-95DE-48E004AD82DF}.Debug|Any CPU.Build.0 = Debug|Any CPU
		{EA1795E6-FB95-4B3C-95DE-48E004AD82DF}.Release|Any CPU.ActiveCfg = Release|Any CPU
		{EA1795E6-FB95-4B3C-95DE-48E004AD82DF}.Release|Any CPU.Build.0 = Release|Any CPU
		{5A499EDF-D122-44EB-AA00-2F25392C4DB4}.Debug|Any CPU.ActiveCfg = Debug|Any CPU
		{5A499EDF-D122-44EB-AA00-2F25392C4DB4}.Debug|Any CPU.Build.0 = Debug|Any CPU
		{5A499EDF-D122-44EB-AA00-2F25392C4DB4}.Release|Any CPU.ActiveCfg = Release|Any CPU
		{5A499EDF-D122-44EB-AA00-2F25392C4DB4}.Release|Any CPU.Build.0 = Release|Any CPU
		{0C4AA939-009C-4675-9C6B-68895593C239}.Debug|Any CPU.ActiveCfg = Debug|Any CPU
		{0C4AA939-009C-4675-9C6B-68895593C239}.Debug|Any CPU.Build.0 = Debug|Any CPU
		{0C4AA939-009C-4675-9C6B-68895593C239}.Release|Any CPU.ActiveCfg = Release|Any CPU
		{0C4AA939-009C-4675-9C6B-68895593C239}.Release|Any CPU.Build.0 = Release|Any CPU
		{4129E758-147E-43F1-8BD5-D895BA176D17}.Debug|Any CPU.ActiveCfg = Debug|Any CPU
		{4129E758-147E-43F1-8BD5-D895BA176D17}.Debug|Any CPU.Build.0 = Debug|Any CPU
		{4129E758-147E-43F1-8BD5-D895BA176D17}.Release|Any CPU.ActiveCfg = Release|Any CPU
		{4129E758-147E-43F1-8BD5-D895BA176D17}.Release|Any CPU.Build.0 = Release|Any CPU
		{3784B018-50DC-4DBA-8DB8-06055474C54C}.Debug|Any CPU.ActiveCfg = Debug|Any CPU
		{3784B018-50DC-4DBA-8DB8-06055474C54C}.Debug|Any CPU.Build.0 = Debug|Any CPU
		{3784B018-50DC-4DBA-8DB8-06055474C54C}.Release|Any CPU.ActiveCfg = Release|Any CPU
		{3784B018-50DC-4DBA-8DB8-06055474C54C}.Release|Any CPU.Build.0 = Release|Any CPU
		{13329313-169C-42E0-B469-9948D15F9A63}.Debug|Any CPU.ActiveCfg = Debug|Any CPU
		{13329313-169C-42E0-B469-9948D15F9A63}.Debug|Any CPU.Build.0 = Debug|Any CPU
		{13329313-169C-42E0-B469-9948D15F9A63}.Release|Any CPU.ActiveCfg = Release|Any CPU
		{13329313-169C-42E0-B469-9948D15F9A63}.Release|Any CPU.Build.0 = Release|Any CPU
		{BAFB7D87-13EC-476D-9C45-CBBA7C60ABEB}.Debug|Any CPU.ActiveCfg = Debug|Any CPU
		{BAFB7D87-13EC-476D-9C45-CBBA7C60ABEB}.Debug|Any CPU.Build.0 = Debug|Any CPU
		{BAFB7D87-13EC-476D-9C45-CBBA7C60ABEB}.Release|Any CPU.ActiveCfg = Release|Any CPU
		{BAFB7D87-13EC-476D-9C45-CBBA7C60ABEB}.Release|Any CPU.Build.0 = Release|Any CPU
		{0FA1342B-E533-44F2-91F4-AE6BACE20DB3}.Debug|Any CPU.ActiveCfg = Debug|Any CPU
		{0FA1342B-E533-44F2-91F4-AE6BACE20DB3}.Debug|Any CPU.Build.0 = Debug|Any CPU
		{0FA1342B-E533-44F2-91F4-AE6BACE20DB3}.Release|Any CPU.ActiveCfg = Release|Any CPU
		{0FA1342B-E533-44F2-91F4-AE6BACE20DB3}.Release|Any CPU.Build.0 = Release|Any CPU
		{F6EF11DF-CF6B-404A-96A6-8A5A84830B66}.Debug|Any CPU.ActiveCfg = Debug|Any CPU
		{F6EF11DF-CF6B-404A-96A6-8A5A84830B66}.Debug|Any CPU.Build.0 = Debug|Any CPU
		{F6EF11DF-CF6B-404A-96A6-8A5A84830B66}.Release|Any CPU.ActiveCfg = Release|Any CPU
		{F6EF11DF-CF6B-404A-96A6-8A5A84830B66}.Release|Any CPU.Build.0 = Release|Any CPU
		{40F87DC4-9D31-46BD-A841-984DB61AC0D0}.Debug|Any CPU.ActiveCfg = Debug|Any CPU
		{40F87DC4-9D31-46BD-A841-984DB61AC0D0}.Debug|Any CPU.Build.0 = Debug|Any CPU
		{40F87DC4-9D31-46BD-A841-984DB61AC0D0}.Release|Any CPU.ActiveCfg = Release|Any CPU
		{40F87DC4-9D31-46BD-A841-984DB61AC0D0}.Release|Any CPU.Build.0 = Release|Any CPU
		{38FA4F1D-0879-422D-B899-425DB382821A}.Debug|Any CPU.ActiveCfg = Debug|Any CPU
		{38FA4F1D-0879-422D-B899-425DB382821A}.Debug|Any CPU.Build.0 = Debug|Any CPU
		{38FA4F1D-0879-422D-B899-425DB382821A}.Release|Any CPU.ActiveCfg = Release|Any CPU
		{38FA4F1D-0879-422D-B899-425DB382821A}.Release|Any CPU.Build.0 = Release|Any CPU
		{647BF03A-0A49-4D68-A8D7-2F675AF25A89}.Debug|Any CPU.ActiveCfg = Debug|Any CPU
		{647BF03A-0A49-4D68-A8D7-2F675AF25A89}.Debug|Any CPU.Build.0 = Debug|Any CPU
		{647BF03A-0A49-4D68-A8D7-2F675AF25A89}.Release|Any CPU.ActiveCfg = Release|Any CPU
		{647BF03A-0A49-4D68-A8D7-2F675AF25A89}.Release|Any CPU.Build.0 = Release|Any CPU
		{ECBFE2F3-4AB4-4EAD-A328-15ED4A8ADAA1}.Debug|Any CPU.ActiveCfg = Debug|Any CPU
		{ECBFE2F3-4AB4-4EAD-A328-15ED4A8ADAA1}.Debug|Any CPU.Build.0 = Debug|Any CPU
		{ECBFE2F3-4AB4-4EAD-A328-15ED4A8ADAA1}.Release|Any CPU.ActiveCfg = Release|Any CPU
		{ECBFE2F3-4AB4-4EAD-A328-15ED4A8ADAA1}.Release|Any CPU.Build.0 = Release|Any CPU
		{3C82C3F3-FBA5-45A7-90D1-762CC711ED21}.Debug|Any CPU.ActiveCfg = Debug|Any CPU
		{3C82C3F3-FBA5-45A7-90D1-762CC711ED21}.Debug|Any CPU.Build.0 = Debug|Any CPU
		{3C82C3F3-FBA5-45A7-90D1-762CC711ED21}.Release|Any CPU.ActiveCfg = Release|Any CPU
		{3C82C3F3-FBA5-45A7-90D1-762CC711ED21}.Release|Any CPU.Build.0 = Release|Any CPU
		{7E0C7FCA-C786-4C00-9A95-F3A7C3750EF9}.Debug|Any CPU.ActiveCfg = Debug|Any CPU
		{7E0C7FCA-C786-4C00-9A95-F3A7C3750EF9}.Debug|Any CPU.Build.0 = Debug|Any CPU
		{7E0C7FCA-C786-4C00-9A95-F3A7C3750EF9}.Release|Any CPU.ActiveCfg = Release|Any CPU
		{7E0C7FCA-C786-4C00-9A95-F3A7C3750EF9}.Release|Any CPU.Build.0 = Release|Any CPU
		{CE345719-CAA7-4753-B804-FFB6574A34C0}.Debug|Any CPU.ActiveCfg = Debug|Any CPU
		{CE345719-CAA7-4753-B804-FFB6574A34C0}.Debug|Any CPU.Build.0 = Debug|Any CPU
		{CE345719-CAA7-4753-B804-FFB6574A34C0}.Release|Any CPU.ActiveCfg = Release|Any CPU
		{CE345719-CAA7-4753-B804-FFB6574A34C0}.Release|Any CPU.Build.0 = Release|Any CPU
		{C278C466-26D2-4A36-AB31-D31ACB18E0E2}.Debug|Any CPU.ActiveCfg = Debug|Any CPU
		{C278C466-26D2-4A36-AB31-D31ACB18E0E2}.Debug|Any CPU.Build.0 = Debug|Any CPU
		{C278C466-26D2-4A36-AB31-D31ACB18E0E2}.Release|Any CPU.ActiveCfg = Release|Any CPU
		{C278C466-26D2-4A36-AB31-D31ACB18E0E2}.Release|Any CPU.Build.0 = Release|Any CPU
		{F073F7F3-B648-4F33-8A10-729225F18890}.Debug|Any CPU.ActiveCfg = Debug|Any CPU
		{F073F7F3-B648-4F33-8A10-729225F18890}.Debug|Any CPU.Build.0 = Debug|Any CPU
		{F073F7F3-B648-4F33-8A10-729225F18890}.Release|Any CPU.ActiveCfg = Release|Any CPU
		{F073F7F3-B648-4F33-8A10-729225F18890}.Release|Any CPU.Build.0 = Release|Any CPU
		{5D73B3EB-611D-4341-BA0E-EB5D5DF722A7}.Debug|Any CPU.ActiveCfg = Debug|Any CPU
		{5D73B3EB-611D-4341-BA0E-EB5D5DF722A7}.Debug|Any CPU.Build.0 = Debug|Any CPU
		{5D73B3EB-611D-4341-BA0E-EB5D5DF722A7}.Release|Any CPU.ActiveCfg = Release|Any CPU
		{5D73B3EB-611D-4341-BA0E-EB5D5DF722A7}.Release|Any CPU.Build.0 = Release|Any CPU
		{553CDA4C-893C-423B-95A4-ABBA6DD05B7B}.Debug|Any CPU.ActiveCfg = Debug|Any CPU
		{553CDA4C-893C-423B-95A4-ABBA6DD05B7B}.Debug|Any CPU.Build.0 = Debug|Any CPU
		{553CDA4C-893C-423B-95A4-ABBA6DD05B7B}.Release|Any CPU.ActiveCfg = Release|Any CPU
		{553CDA4C-893C-423B-95A4-ABBA6DD05B7B}.Release|Any CPU.Build.0 = Release|Any CPU
		{9A2C38B8-5381-424D-9249-042EB1F7D650}.Debug|Any CPU.ActiveCfg = Debug|Any CPU
		{9A2C38B8-5381-424D-9249-042EB1F7D650}.Debug|Any CPU.Build.0 = Debug|Any CPU
		{9A2C38B8-5381-424D-9249-042EB1F7D650}.Release|Any CPU.ActiveCfg = Release|Any CPU
		{9A2C38B8-5381-424D-9249-042EB1F7D650}.Release|Any CPU.Build.0 = Release|Any CPU
		{5B1AB16A-E2F3-4FBA-B410-0417C0669AB2}.Debug|Any CPU.ActiveCfg = Debug|Any CPU
		{5B1AB16A-E2F3-4FBA-B410-0417C0669AB2}.Debug|Any CPU.Build.0 = Debug|Any CPU
		{5B1AB16A-E2F3-4FBA-B410-0417C0669AB2}.Release|Any CPU.ActiveCfg = Release|Any CPU
		{5B1AB16A-E2F3-4FBA-B410-0417C0669AB2}.Release|Any CPU.Build.0 = Release|Any CPU
		{2BF153F8-A9EF-4490-BD43-DC21B9E63D7C}.Debug|Any CPU.ActiveCfg = Debug|Any CPU
		{2BF153F8-A9EF-4490-BD43-DC21B9E63D7C}.Debug|Any CPU.Build.0 = Debug|Any CPU
		{2BF153F8-A9EF-4490-BD43-DC21B9E63D7C}.Release|Any CPU.ActiveCfg = Release|Any CPU
		{2BF153F8-A9EF-4490-BD43-DC21B9E63D7C}.Release|Any CPU.Build.0 = Release|Any CPU
		{57A288C3-DA90-4490-9504-AA95535A151E}.Debug|Any CPU.ActiveCfg = Debug|Any CPU
		{57A288C3-DA90-4490-9504-AA95535A151E}.Debug|Any CPU.Build.0 = Debug|Any CPU
		{57A288C3-DA90-4490-9504-AA95535A151E}.Release|Any CPU.ActiveCfg = Release|Any CPU
		{57A288C3-DA90-4490-9504-AA95535A151E}.Release|Any CPU.Build.0 = Release|Any CPU
		{85597782-0865-4599-B437-873DF7191319}.Debug|Any CPU.ActiveCfg = Debug|Any CPU
		{85597782-0865-4599-B437-873DF7191319}.Debug|Any CPU.Build.0 = Debug|Any CPU
		{85597782-0865-4599-B437-873DF7191319}.Release|Any CPU.ActiveCfg = Release|Any CPU
		{85597782-0865-4599-B437-873DF7191319}.Release|Any CPU.Build.0 = Release|Any CPU
		{309869C0-4171-4D06-86EC-D79032DD2922}.Debug|Any CPU.ActiveCfg = Debug|Any CPU
		{309869C0-4171-4D06-86EC-D79032DD2922}.Debug|Any CPU.Build.0 = Debug|Any CPU
		{309869C0-4171-4D06-86EC-D79032DD2922}.Release|Any CPU.ActiveCfg = Release|Any CPU
		{309869C0-4171-4D06-86EC-D79032DD2922}.Release|Any CPU.Build.0 = Release|Any CPU
		{6406A073-3879-4A28-B644-BD238455BC3B}.Debug|Any CPU.ActiveCfg = Debug|Any CPU
		{6406A073-3879-4A28-B644-BD238455BC3B}.Debug|Any CPU.Build.0 = Debug|Any CPU
		{6406A073-3879-4A28-B644-BD238455BC3B}.Release|Any CPU.ActiveCfg = Release|Any CPU
		{6406A073-3879-4A28-B644-BD238455BC3B}.Release|Any CPU.Build.0 = Release|Any CPU
		{2DE9A2F5-C795-4546-8A13-87C4220F8FC2}.Debug|Any CPU.ActiveCfg = Debug|Any CPU
		{2DE9A2F5-C795-4546-8A13-87C4220F8FC2}.Debug|Any CPU.Build.0 = Debug|Any CPU
		{2DE9A2F5-C795-4546-8A13-87C4220F8FC2}.Release|Any CPU.ActiveCfg = Release|Any CPU
		{2DE9A2F5-C795-4546-8A13-87C4220F8FC2}.Release|Any CPU.Build.0 = Release|Any CPU
		{7D08528E-D523-4369-8854-07DDF9D340C5}.Debug|Any CPU.ActiveCfg = Debug|Any CPU
		{7D08528E-D523-4369-8854-07DDF9D340C5}.Debug|Any CPU.Build.0 = Debug|Any CPU
		{7D08528E-D523-4369-8854-07DDF9D340C5}.Release|Any CPU.ActiveCfg = Release|Any CPU
		{7D08528E-D523-4369-8854-07DDF9D340C5}.Release|Any CPU.Build.0 = Release|Any CPU
		{2D50B2AF-187D-44E0-BC3E-B5577C0A062C}.Debug|Any CPU.ActiveCfg = Debug|Any CPU
		{2D50B2AF-187D-44E0-BC3E-B5577C0A062C}.Debug|Any CPU.Build.0 = Debug|Any CPU
		{2D50B2AF-187D-44E0-BC3E-B5577C0A062C}.Release|Any CPU.ActiveCfg = Release|Any CPU
		{2D50B2AF-187D-44E0-BC3E-B5577C0A062C}.Release|Any CPU.Build.0 = Release|Any CPU
		{FDB463E5-35A5-4B68-B4A3-1781E8A221F3}.Debug|Any CPU.ActiveCfg = Debug|Any CPU
		{FDB463E5-35A5-4B68-B4A3-1781E8A221F3}.Debug|Any CPU.Build.0 = Debug|Any CPU
		{FDB463E5-35A5-4B68-B4A3-1781E8A221F3}.Release|Any CPU.ActiveCfg = Release|Any CPU
		{FDB463E5-35A5-4B68-B4A3-1781E8A221F3}.Release|Any CPU.Build.0 = Release|Any CPU
		{4FF53534-B2D0-4DEB-A229-C1EE22F55100}.Debug|Any CPU.ActiveCfg = Debug|Any CPU
		{4FF53534-B2D0-4DEB-A229-C1EE22F55100}.Debug|Any CPU.Build.0 = Debug|Any CPU
		{4FF53534-B2D0-4DEB-A229-C1EE22F55100}.Release|Any CPU.ActiveCfg = Release|Any CPU
		{4FF53534-B2D0-4DEB-A229-C1EE22F55100}.Release|Any CPU.Build.0 = Release|Any CPU
		{75B018AA-359B-4FE5-B83E-7DF72D2E72EE}.Debug|Any CPU.ActiveCfg = Debug|Any CPU
		{75B018AA-359B-4FE5-B83E-7DF72D2E72EE}.Debug|Any CPU.Build.0 = Debug|Any CPU
		{75B018AA-359B-4FE5-B83E-7DF72D2E72EE}.Release|Any CPU.ActiveCfg = Release|Any CPU
		{75B018AA-359B-4FE5-B83E-7DF72D2E72EE}.Release|Any CPU.Build.0 = Release|Any CPU
		{D1E337C4-DDC4-4A15-B9A4-F8C902383D95}.Debug|Any CPU.ActiveCfg = Debug|Any CPU
		{D1E337C4-DDC4-4A15-B9A4-F8C902383D95}.Debug|Any CPU.Build.0 = Debug|Any CPU
		{D1E337C4-DDC4-4A15-B9A4-F8C902383D95}.Release|Any CPU.ActiveCfg = Release|Any CPU
		{D1E337C4-DDC4-4A15-B9A4-F8C902383D95}.Release|Any CPU.Build.0 = Release|Any CPU
		{1EEB24BA-70AE-4BEA-B858-51900DF744C8}.Debug|Any CPU.ActiveCfg = Debug|Any CPU
		{1EEB24BA-70AE-4BEA-B858-51900DF744C8}.Debug|Any CPU.Build.0 = Debug|Any CPU
		{1EEB24BA-70AE-4BEA-B858-51900DF744C8}.Release|Any CPU.ActiveCfg = Release|Any CPU
		{1EEB24BA-70AE-4BEA-B858-51900DF744C8}.Release|Any CPU.Build.0 = Release|Any CPU
		{57A08521-1F83-46B1-9FD1-7E254B6E1525}.Debug|Any CPU.ActiveCfg = Debug|Any CPU
		{57A08521-1F83-46B1-9FD1-7E254B6E1525}.Debug|Any CPU.Build.0 = Debug|Any CPU
		{57A08521-1F83-46B1-9FD1-7E254B6E1525}.Release|Any CPU.ActiveCfg = Release|Any CPU
		{57A08521-1F83-46B1-9FD1-7E254B6E1525}.Release|Any CPU.Build.0 = Release|Any CPU
	EndGlobalSection
	GlobalSection(SolutionProperties) = preSolution
		HideSolutionNode = FALSE
	EndGlobalSection
	GlobalSection(NestedProjects) = preSolution
		{5A499EDF-D122-44EB-AA00-2F25392C4DB4} = {C988407D-35B5-41F0-B8AD-126EBD93F7FC}
		{0C4AA939-009C-4675-9C6B-68895593C239} = {C988407D-35B5-41F0-B8AD-126EBD93F7FC}
		{4129E758-147E-43F1-8BD5-D895BA176D17} = {C988407D-35B5-41F0-B8AD-126EBD93F7FC}
		{3784B018-50DC-4DBA-8DB8-06055474C54C} = {C988407D-35B5-41F0-B8AD-126EBD93F7FC}
		{BAFB7D87-13EC-476D-9C45-CBBA7C60ABEB} = {407C7F10-D2D7-476A-A5B8-AAFA909B7CAD}
		{0FA1342B-E533-44F2-91F4-AE6BACE20DB3} = {407C7F10-D2D7-476A-A5B8-AAFA909B7CAD}
		{F6EF11DF-CF6B-404A-96A6-8A5A84830B66} = {E02CF8D7-1117-495A-A3AC-C9C208C039F2}
		{40F87DC4-9D31-46BD-A841-984DB61AC0D0} = {E02CF8D7-1117-495A-A3AC-C9C208C039F2}
		{E02CF8D7-1117-495A-A3AC-C9C208C039F2} = {407C7F10-D2D7-476A-A5B8-AAFA909B7CAD}
		{38FA4F1D-0879-422D-B899-425DB382821A} = {E02CF8D7-1117-495A-A3AC-C9C208C039F2}
		{647BF03A-0A49-4D68-A8D7-2F675AF25A89} = {E02CF8D7-1117-495A-A3AC-C9C208C039F2}
		{ECBFE2F3-4AB4-4EAD-A328-15ED4A8ADAA1} = {E02CF8D7-1117-495A-A3AC-C9C208C039F2}
		{3C82C3F3-FBA5-45A7-90D1-762CC711ED21} = {E02CF8D7-1117-495A-A3AC-C9C208C039F2}
		{7E0C7FCA-C786-4C00-9A95-F3A7C3750EF9} = {2155E3DB-3861-467B-9D91-AD70364A1FBE}
		{CE345719-CAA7-4753-B804-FFB6574A34C0} = {2155E3DB-3861-467B-9D91-AD70364A1FBE}
		{C278C466-26D2-4A36-AB31-D31ACB18E0E2} = {2155E3DB-3861-467B-9D91-AD70364A1FBE}
		{A8EBFF75-3748-4669-84E7-425F9C47722A} = {2155E3DB-3861-467B-9D91-AD70364A1FBE}
		{F073F7F3-B648-4F33-8A10-729225F18890} = {A8EBFF75-3748-4669-84E7-425F9C47722A}
		{5D73B3EB-611D-4341-BA0E-EB5D5DF722A7} = {A8EBFF75-3748-4669-84E7-425F9C47722A}
		{553CDA4C-893C-423B-95A4-ABBA6DD05B7B} = {A8EBFF75-3748-4669-84E7-425F9C47722A}
		{9A2C38B8-5381-424D-9249-042EB1F7D650} = {EA9C8647-5ACC-4EEE-812C-42F41830086F}
		{5B1AB16A-E2F3-4FBA-B410-0417C0669AB2} = {EA9C8647-5ACC-4EEE-812C-42F41830086F}
		{2BF153F8-A9EF-4490-BD43-DC21B9E63D7C} = {EA9C8647-5ACC-4EEE-812C-42F41830086F}
		{57A288C3-DA90-4490-9504-AA95535A151E} = {EA9C8647-5ACC-4EEE-812C-42F41830086F}
		{85597782-0865-4599-B437-873DF7191319} = {EA9C8647-5ACC-4EEE-812C-42F41830086F}
		{309869C0-4171-4D06-86EC-D79032DD2922} = {EA9C8647-5ACC-4EEE-812C-42F41830086F}
		{2DE9A2F5-C795-4546-8A13-87C4220F8FC2} = {7181A4FF-9C11-4B05-BC61-34F6448F94A3}
		{7D08528E-D523-4369-8854-07DDF9D340C5} = {7181A4FF-9C11-4B05-BC61-34F6448F94A3}
		{2D50B2AF-187D-44E0-BC3E-B5577C0A062C} = {7181A4FF-9C11-4B05-BC61-34F6448F94A3}
		{FDB463E5-35A5-4B68-B4A3-1781E8A221F3} = {7181A4FF-9C11-4B05-BC61-34F6448F94A3}
		{4FF53534-B2D0-4DEB-A229-C1EE22F55100} = {86F044C0-59ED-4853-BCBB-A5C90A964070}
		{75B018AA-359B-4FE5-B83E-7DF72D2E72EE} = {86F044C0-59ED-4853-BCBB-A5C90A964070}
		{D1E337C4-DDC4-4A15-B9A4-F8C902383D95} = {86F044C0-59ED-4853-BCBB-A5C90A964070}
		{1EEB24BA-70AE-4BEA-B858-51900DF744C8} = {52A011CC-D4E5-44DC-8C69-8B703CB5EC48}
	EndGlobalSection
	GlobalSection(ExtensibilityGlobals) = postSolution
		SolutionGuid = {37D87A65-C84B-4711-B914-124726F2C11B}
	EndGlobalSection
EndGlobal
